
Microsoft Visual Studio Solution File, Format Version 12.00
# Visual Studio 15
VisualStudioVersion = 15.0.28010.2048
MinimumVisualStudioVersion = 10.0.40219.1
Project("{8BC9CEB8-8B4A-11D0-8D11-00A0C91BC942}") = "vjudge2043", "vjudge2043\vjudge2043.vcxproj", "{8C3915A8-3D7A-46BD-AFEC-9ADBD1FE58DB}"
EndProject
Project("{8BC9CEB8-8B4A-11D0-8D11-00A0C91BC942}") = "vjudge1000", "vjudge1000\vjudge1000.vcxproj", "{DC246C16-7E1C-4EEB-B539-647F02AEF906}"
EndProject
Project("{8BC9CEB8-8B4A-11D0-8D11-00A0C91BC942}") = "vjudge1001", "vjudge1001\vjudge1001.vcxproj", "{DA8F8AEF-5E62-4B5F-9AD9-2C826D2A4270}"
EndProject
Project("{8BC9CEB8-8B4A-11D0-8D11-00A0C91BC942}") = "vjudge2000", "vjudge2000\vjudge2000.vcxproj", "{3C057D74-FDF0-4335-A289-77C92A176E50}"
EndProject
Project("{8BC9CEB8-8B4A-11D0-8D11-00A0C91BC942}") = "vjudge2001", "vjudge2001\vjudge2001.vcxproj", "{7BBF1E7E-80B6-41C1-B7C5-4039D0E9C3AE}"
EndProject
Project("{8BC9CEB8-8B4A-11D0-8D11-00A0C91BC942}") = "vjudge2002", "vjudge2002\vjudge2002.vcxproj", "{E34F9EF3-C16E-4DDE-8638-60BB8672778A}"
EndProject
Project("{8BC9CEB8-8B4A-11D0-8D11-00A0C91BC942}") = "vjudge2003", "vjudge2003\vjudge2003.vcxproj", "{8F262531-B133-45D1-A2E5-4E3B565E04DE}"
EndProject
Project("{8BC9CEB8-8B4A-11D0-8D11-00A0C91BC942}") = "vjudge2004", "vjudge2004\vjudge2004.vcxproj", "{311A3F7A-E17F-4837-961E-008F6C2C730A}"
EndProject
Project("{8BC9CEB8-8B4A-11D0-8D11-00A0C91BC942}") = "vjudge2005", "vjudge2005\vjudge2005.vcxproj", "{3572643F-86FD-4D6A-8E17-05A8402DA758}"
EndProject
Project("{8BC9CEB8-8B4A-11D0-8D11-00A0C91BC942}") = "vjudge2006", "vjudge2006\vjudge2006.vcxproj", "{6B723681-666C-48BB-A4C7-386D7430BE99}"
EndProject
Project("{8BC9CEB8-8B4A-11D0-8D11-00A0C91BC942}") = "vjudge2007", "vjudge2007\vjudge2007.vcxproj", "{59C3A3C5-BE70-4792-A614-1AF3EC70B9C1}"
EndProject
Project("{8BC9CEB8-8B4A-11D0-8D11-00A0C91BC942}") = "vjudge2008", "vjudge2008\vjudge2008.vcxproj", "{D3E5EECB-593D-442D-837E-9C8920F65036}"
EndProject
Project("{8BC9CEB8-8B4A-11D0-8D11-00A0C91BC942}") = "vjudge2009", "vjudge2009\vjudge2009.vcxproj", "{E8D01190-CAA5-4DAA-B900-9EDA69976790}"
EndProject
Project("{8BC9CEB8-8B4A-11D0-8D11-00A0C91BC942}") = "vjudge2010", "vjudge2010\vjudge2010.vcxproj", "{5F386E7B-296E-4246-9797-7B39B55CA45D}"
EndProject
Project("{8BC9CEB8-8B4A-11D0-8D11-00A0C91BC942}") = "vjudge2011", "vjudge2011\vjudge2011.vcxproj", "{25041FC2-AFE6-4DE0-A469-AD4A82EE9B28}"
EndProject
Project("{8BC9CEB8-8B4A-11D0-8D11-00A0C91BC942}") = "vjudge2012", "vjudge2012\vjudge2012.vcxproj", "{F142033F-7DDD-45D7-B326-AF391CD0BE1B}"
EndProject
Project("{8BC9CEB8-8B4A-11D0-8D11-00A0C91BC942}") = "vjudge2013", "vjudge2013\vjudge2013.vcxproj", "{7399ABDA-624E-416B-B035-30C26A147B64}"
EndProject
Project("{8BC9CEB8-8B4A-11D0-8D11-00A0C91BC942}") = "vjudge2014", "vjudge2014\vjudge2014.vcxproj", "{D0905183-8540-47B8-858E-98C8163494B0}"
EndProject
Project("{8BC9CEB8-8B4A-11D0-8D11-00A0C91BC942}") = "vjudge2015", "vjudge2015\vjudge2015.vcxproj", "{1062F25E-22CD-4906-917F-E5647D8C8922}"
EndProject
Project("{8BC9CEB8-8B4A-11D0-8D11-00A0C91BC942}") = "vjudge2016", "vjudge2016\vjudge2016.vcxproj", "{4553CBC7-2496-4EDA-8DE2-45201D571356}"
EndProject
Project("{8BC9CEB8-8B4A-11D0-8D11-00A0C91BC942}") = "vjudge2017", "vjudge2017\vjudge2017.vcxproj", "{581B510D-C483-4652-8709-DD95A49F70F6}"
EndProject
Project("{8BC9CEB8-8B4A-11D0-8D11-00A0C91BC942}") = "vjudge2018", "vjudge2018\vjudge2018.vcxproj", "{6D7D0D17-24A1-4B70-9494-518510C7D9FA}"
EndProject
Project("{8BC9CEB8-8B4A-11D0-8D11-00A0C91BC942}") = "vjudge2019", "vjudge2019\vjudge2019.vcxproj", "{2AE55B68-D18C-45B6-B36C-2168057F5B47}"
EndProject
Project("{8BC9CEB8-8B4A-11D0-8D11-00A0C91BC942}") = "vjudge2020", "vjudge2020\vjudge2020.vcxproj", "{DF6E30DF-D2F7-417B-8861-F5CD11F25D05}"
EndProject
Project("{8BC9CEB8-8B4A-11D0-8D11-00A0C91BC942}") = "vjudge2021", "vjudge2021\vjudge2021.vcxproj", "{8D64484C-347C-43C4-BE22-ED07B0DF6CE5}"
EndProject
Project("{8BC9CEB8-8B4A-11D0-8D11-00A0C91BC942}") = "vjudge2022", "vjudge2022\vjudge2022.vcxproj", "{23ABE25A-FF87-49ED-9C4D-0D8A0D54F6AC}"
EndProject
Project("{8BC9CEB8-8B4A-11D0-8D11-00A0C91BC942}") = "vjudge2023", "vjudge2023\vjudge2023.vcxproj", "{2977560F-73E5-4FE7-844F-E622D84855FA}"
EndProject
Project("{8BC9CEB8-8B4A-11D0-8D11-00A0C91BC942}") = "vjudge2024", "vjudge2024\vjudge2024.vcxproj", "{1D3F9A17-3650-43DC-B003-DA082F197011}"
EndProject
Project("{8BC9CEB8-8B4A-11D0-8D11-00A0C91BC942}") = "vjudge2025", "vjudge2025\vjudge2025.vcxproj", "{F0CD5194-BCFB-4BC4-B881-6D20ABAC539E}"
EndProject
Project("{8BC9CEB8-8B4A-11D0-8D11-00A0C91BC942}") = "vjudge2026", "vjudge2026\vjudge2026.vcxproj", "{7AC1DB9F-5588-421C-8A24-D35E3CDFB9E4}"
EndProject
Project("{8BC9CEB8-8B4A-11D0-8D11-00A0C91BC942}") = "vjudge2027", "vjudge2027\vjudge2027.vcxproj", "{59128E8F-67A7-4B7D-BF6D-582E47DC56C3}"
EndProject
Project("{8BC9CEB8-8B4A-11D0-8D11-00A0C91BC942}") = "vjudge2028", "vjudge2028\vjudge2028.vcxproj", "{F53C85F2-E310-40E7-9D55-B308D88EBC85}"
EndProject
Project("{8BC9CEB8-8B4A-11D0-8D11-00A0C91BC942}") = "vjudge2029", "vjudge2029\vjudge2029.vcxproj", "{28D86B47-1E38-42FF-B9AA-D381868BECFF}"
EndProject
Project("{8BC9CEB8-8B4A-11D0-8D11-00A0C91BC942}") = "vjudge2030", "vjudge2030\vjudge2030.vcxproj", "{E721F619-7D8A-4C32-B9EE-DA36A0E4F70B}"
EndProject
Project("{8BC9CEB8-8B4A-11D0-8D11-00A0C91BC942}") = "vjudge2031", "vjudge2031\vjudge2031.vcxproj", "{D917C667-CD1E-41B0-9DF5-29A56FD8BF1D}"
EndProject
Project("{8BC9CEB8-8B4A-11D0-8D11-00A0C91BC942}") = "vjudge2032", "vjudge2032\vjudge2032.vcxproj", "{D640AA02-CB25-4549-8996-58BFC93890DC}"
EndProject
Project("{8BC9CEB8-8B4A-11D0-8D11-00A0C91BC942}") = "vjudge2033", "vjudge2033\vjudge2033.vcxproj", "{AC53D767-3C96-473F-92B0-11B36305C896}"
EndProject
Project("{8BC9CEB8-8B4A-11D0-8D11-00A0C91BC942}") = "vjudge2034", "vjudge2034\vjudge2034.vcxproj", "{D2A0888C-741E-4374-A9C1-1589B3F8F4A0}"
EndProject
Project("{8BC9CEB8-8B4A-11D0-8D11-00A0C91BC942}") = "vjudge2035", "vjudge2035\vjudge2035.vcxproj", "{341B6EA5-67F8-4E66-914C-42A3F1736CBD}"
EndProject
Project("{8BC9CEB8-8B4A-11D0-8D11-00A0C91BC942}") = "vjudge2036", "vjudge2036\vjudge2036.vcxproj", "{9D05396E-EDFA-421F-84EF-430DD47BE0F3}"
EndProject
Project("{8BC9CEB8-8B4A-11D0-8D11-00A0C91BC942}") = "vjudge2037", "vjudge2037\vjudge2037.vcxproj", "{BB3FB0DF-0635-424C-A98F-D69917D40111}"
EndProject
Project("{8BC9CEB8-8B4A-11D0-8D11-00A0C91BC942}") = "vjudge2039", "vjudge2039\vjudge2039.vcxproj", "{569C933E-F963-4F04-9D1B-911A7269FBC8}"
EndProject
Project("{8BC9CEB8-8B4A-11D0-8D11-00A0C91BC942}") = "vjudge2040", "vjudge2040\vjudge2040.vcxproj", "{BC20442C-FB4E-4357-AC93-19F8BA582025}"
EndProject
Project("{8BC9CEB8-8B4A-11D0-8D11-00A0C91BC942}") = "vjudge2041", "vjudge2041\vjudge2041.vcxproj", "{58DA1717-14D6-4A1E-88F3-FBE2C237E7D3}"
EndProject
Project("{8BC9CEB8-8B4A-11D0-8D11-00A0C91BC942}") = "vjudge2042", "vjudge2042\vjudge2042.vcxproj", "{F399275B-2934-4510-9434-8BB6CE426D1E}"
EndProject
Project("{8BC9CEB8-8B4A-11D0-8D11-00A0C91BC942}") = "vjudge2044", "vjudge2044\vjudge2044.vcxproj", "{0A80BB78-5884-412B-9BDF-8E3F499378BA}"
EndProject
Project("{8BC9CEB8-8B4A-11D0-8D11-00A0C91BC942}") = "vjudge2045", "vjudge2045\vjudge2045.vcxproj", "{512B8E2B-33F9-49D9-A281-147269FB504E}"
EndProject
Project("{8BC9CEB8-8B4A-11D0-8D11-00A0C91BC942}") = "vjudge2046", "vjudge2046\vjudge2046.vcxproj", "{D812721A-B3D7-4A46-A08B-69E7579F853B}"
EndProject
Project("{8BC9CEB8-8B4A-11D0-8D11-00A0C91BC942}") = "vjudge2047", "vjudge2047\vjudge2047.vcxproj", "{E9DD397D-BD92-4FB8-B0E2-1F5895E29F34}"
EndProject
Project("{8BC9CEB8-8B4A-11D0-8D11-00A0C91BC942}") = "vjudge2048", "vjudge2048\vjudge2048.vcxproj", "{FFEBB5D1-9E40-4C26-BB4A-436704F4E5F9}"
EndProject
Project("{8BC9CEB8-8B4A-11D0-8D11-00A0C91BC942}") = "vjudge2049", "vjudge2049\vjudge2049.vcxproj", "{D69C385E-690E-4AE8-A8E2-2B9E50303904}"
EndProject
Project("{8BC9CEB8-8B4A-11D0-8D11-00A0C91BC942}") = "vjudge2051", "vjudge2051\vjudge2051.vcxproj", "{7F655F89-FE1B-4B54-B6E9-D2D45435BF21}"
EndProject
Project("{8BC9CEB8-8B4A-11D0-8D11-00A0C91BC942}") = "vjudge2052", "vjudge2052\vjudge2052.vcxproj", "{DF7C3AED-F168-48E7-A78E-8860016C24F8}"
EndProject
Project("{8BC9CEB8-8B4A-11D0-8D11-00A0C91BC942}") = "vjudge2053", "vjudge2053\vjudge2053.vcxproj", "{59503B9F-B720-4374-959A-CEF5CAE46D4B}"
EndProject
Project("{8BC9CEB8-8B4A-11D0-8D11-00A0C91BC942}") = "vjudge2054", "vjudge2054\vjudge2054.vcxproj", "{53778855-AF6C-410E-9344-F4E4A27FDC7A}"
EndProject
Project("{8BC9CEB8-8B4A-11D0-8D11-00A0C91BC942}") = "vjudge2055", "vjudge2055\vjudge2055.vcxproj", "{17DFD5DD-9C72-4DEB-8E57-33F13A6760E6}"
EndProject
Project("{8BC9CEB8-8B4A-11D0-8D11-00A0C91BC942}") = "vjudge2056", "vjudge2056\vjudge2056.vcxproj", "{585A9C23-5B40-464E-BA2F-C19453B835EC}"
EndProject
Project("{8BC9CEB8-8B4A-11D0-8D11-00A0C91BC942}") = "vjudge2057", "vjudge2057\vjudge2057.vcxproj", "{BB1C2CE3-810F-4F3C-AC00-7DC0EAD2FAB5}"
EndProject
Project("{8BC9CEB8-8B4A-11D0-8D11-00A0C91BC942}") = "vjudge2050", "vjudge2050\vjudge2050.vcxproj", "{70153D17-D9D9-4E68-90C6-FEE4C28DEACC}"
EndProject
Project("{8BC9CEB8-8B4A-11D0-8D11-00A0C91BC942}") = "vjudge2058", "vjudge2058\vjudge2058.vcxproj", "{75195805-55C1-4CBC-B560-D04776CB0AAC}"
EndProject
Project("{8BC9CEB8-8B4A-11D0-8D11-00A0C91BC942}") = "vjudge2059", "vjudge2059\vjudge2059.vcxproj", "{B16350A4-DAA9-4389-8343-8CC24A2449D3}"
EndProject
Project("{8BC9CEB8-8B4A-11D0-8D11-00A0C91BC942}") = "vjudge2064", "vjudge2064\vjudge2064.vcxproj", "{60F341B7-3914-427B-8281-82AC49B2B6E5}"
EndProject
Project("{8BC9CEB8-8B4A-11D0-8D11-00A0C91BC942}") = "vjudge2097", "vjudge2097\vjudge2097.vcxproj", "{86B2BCEE-4DB4-4713-82D8-C57D3B2BD3DE}"
EndProject
Project("{8BC9CEB8-8B4A-11D0-8D11-00A0C91BC942}") = "vjudge2085", "vjudge2085\vjudge2085.vcxproj", "{E3CE02C6-4F59-40D0-AF93-4E61B7A1D01C}"
EndProject
Project("{8BC9CEB8-8B4A-11D0-8D11-00A0C91BC942}") = "vjudge2081", "vjudge2081\vjudge2081.vcxproj", "{6EA8A647-97D2-48A7-8D58-792378F76A71}"
EndProject
Project("{8BC9CEB8-8B4A-11D0-8D11-00A0C91BC942}") = "vjudge2075", "vjudge2075\vjudge2075.vcxproj", "{7F321374-C438-4962-9BF9-FE104B2BC17F}"
EndProject
Project("{8BC9CEB8-8B4A-11D0-8D11-00A0C91BC942}") = "vjudge2071", "vjudge2071\vjudge2071.vcxproj", "{AB7DEC78-8D61-4761-BB0C-1D0F7159DDEC}"
EndProject
Project("{8BC9CEB8-8B4A-11D0-8D11-00A0C91BC942}") = "vjudge1312", "vjudge1312\vjudge1312.vcxproj", "{4CD9DAC9-FE4F-4407-94BC-C60E96A75FC1}"
EndProject
Project("{8BC9CEB8-8B4A-11D0-8D11-00A0C91BC942}") = "vjudge1728", "vjudge1728\vjudge1728.vcxproj", "{F9750842-AD25-48F8-BE18-56FC1C8C3744}"
EndProject
Project("{8BC9CEB8-8B4A-11D0-8D11-00A0C91BC942}") = "vjudge1241", "vjudge1241\vjudge1241.vcxproj", "{609B1EA1-D27E-430F-B5AB-29BF1449B18B}"
EndProject
Project("{8BC9CEB8-8B4A-11D0-8D11-00A0C91BC942}") = "vjudge1495", "vjudge1495\vjudge1495.vcxproj", "{CA07A154-2963-4B05-8EB7-D295196BD8D2}"
EndProject
Project("{8BC9CEB8-8B4A-11D0-8D11-00A0C91BC942}") = "vjudge1195", "vjudge1195\vjudge1195.vcxproj", "{637D79BF-6CF5-4ED1-ABC7-A7192F6DE7A5}"
EndProject
Project("{8BC9CEB8-8B4A-11D0-8D11-00A0C91BC942}") = "vjudge1072", "vjudge1072\vjudge1072.vcxproj", "{B3786017-E195-4AA1-AE00-754ADFB6000D}"
EndProject
Project("{8BC9CEB8-8B4A-11D0-8D11-00A0C91BC942}") = "vjudge1584", "vjudge1584\vjudge1584.vcxproj", "{3A630189-BA1D-4E1C-A716-E293BA5FA433}"
EndProject
Project("{8BC9CEB8-8B4A-11D0-8D11-00A0C91BC942}") = "vjudge2782", "vjudge2782\vjudge2782.vcxproj", "{690AB1B6-A0ED-4F02-A176-664E56354992}"
EndProject
Project("{8BC9CEB8-8B4A-11D0-8D11-00A0C91BC942}") = "vjudge3500", "vjudge3500\vjudge3500.vcxproj", "{4E934A8D-F9A6-4E1A-9F36-5628781E5C2D}"
EndProject
Project("{8BC9CEB8-8B4A-11D0-8D11-00A0C91BC942}") = "vjudge1089", "vjudge1089\vjudge1089.vcxproj", "{2D8A8785-C081-40DD-B56F-E787D2D8EBC3}"
EndProject
Project("{8BC9CEB8-8B4A-11D0-8D11-00A0C91BC942}") = "vjudge1090", "vjudge1090\vjudge1090.vcxproj", "{F653A884-1AC9-481D-ACB2-A92CCE6D53CA}"
EndProject
Project("{8BC9CEB8-8B4A-11D0-8D11-00A0C91BC942}") = "vjudge1091", "vjudge1091\vjudge1091.vcxproj", "{370FC766-6A63-4155-BEA3-482EF4F130E7}"
EndProject
Project("{8BC9CEB8-8B4A-11D0-8D11-00A0C91BC942}") = "vjudge1092", "vjudge1092\vjudge1092.vcxproj", "{A22FF45E-F839-4283-8041-A0BA10ED811B}"
EndProject
Project("{8BC9CEB8-8B4A-11D0-8D11-00A0C91BC942}") = "vjudge1093", "vjudge1093\vjudge1093.vcxproj", "{98FC5B95-E038-4DB0-BAB0-89ADDDC87E49}"
EndProject
Global
	GlobalSection(SolutionConfigurationPlatforms) = preSolution
		Debug|x64 = Debug|x64
		Debug|x86 = Debug|x86
		Release|x64 = Release|x64
		Release|x86 = Release|x86
	EndGlobalSection
	GlobalSection(ProjectConfigurationPlatforms) = postSolution
		{8C3915A8-3D7A-46BD-AFEC-9ADBD1FE58DB}.Debug|x64.ActiveCfg = Debug|x64
		{8C3915A8-3D7A-46BD-AFEC-9ADBD1FE58DB}.Debug|x64.Build.0 = Debug|x64
		{8C3915A8-3D7A-46BD-AFEC-9ADBD1FE58DB}.Debug|x86.ActiveCfg = Debug|Win32
		{8C3915A8-3D7A-46BD-AFEC-9ADBD1FE58DB}.Debug|x86.Build.0 = Debug|Win32
		{8C3915A8-3D7A-46BD-AFEC-9ADBD1FE58DB}.Release|x64.ActiveCfg = Release|x64
		{8C3915A8-3D7A-46BD-AFEC-9ADBD1FE58DB}.Release|x64.Build.0 = Release|x64
		{8C3915A8-3D7A-46BD-AFEC-9ADBD1FE58DB}.Release|x86.ActiveCfg = Release|Win32
		{8C3915A8-3D7A-46BD-AFEC-9ADBD1FE58DB}.Release|x86.Build.0 = Release|Win32
		{DC246C16-7E1C-4EEB-B539-647F02AEF906}.Debug|x64.ActiveCfg = Debug|x64
		{DC246C16-7E1C-4EEB-B539-647F02AEF906}.Debug|x64.Build.0 = Debug|x64
		{DC246C16-7E1C-4EEB-B539-647F02AEF906}.Debug|x86.ActiveCfg = Debug|Win32
		{DC246C16-7E1C-4EEB-B539-647F02AEF906}.Debug|x86.Build.0 = Debug|Win32
		{DC246C16-7E1C-4EEB-B539-647F02AEF906}.Release|x64.ActiveCfg = Release|x64
		{DC246C16-7E1C-4EEB-B539-647F02AEF906}.Release|x64.Build.0 = Release|x64
		{DC246C16-7E1C-4EEB-B539-647F02AEF906}.Release|x86.ActiveCfg = Release|Win32
		{DC246C16-7E1C-4EEB-B539-647F02AEF906}.Release|x86.Build.0 = Release|Win32
		{DA8F8AEF-5E62-4B5F-9AD9-2C826D2A4270}.Debug|x64.ActiveCfg = Debug|x64
		{DA8F8AEF-5E62-4B5F-9AD9-2C826D2A4270}.Debug|x64.Build.0 = Debug|x64
		{DA8F8AEF-5E62-4B5F-9AD9-2C826D2A4270}.Debug|x86.ActiveCfg = Debug|Win32
		{DA8F8AEF-5E62-4B5F-9AD9-2C826D2A4270}.Debug|x86.Build.0 = Debug|Win32
		{DA8F8AEF-5E62-4B5F-9AD9-2C826D2A4270}.Release|x64.ActiveCfg = Release|x64
		{DA8F8AEF-5E62-4B5F-9AD9-2C826D2A4270}.Release|x64.Build.0 = Release|x64
		{DA8F8AEF-5E62-4B5F-9AD9-2C826D2A4270}.Release|x86.ActiveCfg = Release|Win32
		{DA8F8AEF-5E62-4B5F-9AD9-2C826D2A4270}.Release|x86.Build.0 = Release|Win32
		{3C057D74-FDF0-4335-A289-77C92A176E50}.Debug|x64.ActiveCfg = Debug|x64
		{3C057D74-FDF0-4335-A289-77C92A176E50}.Debug|x64.Build.0 = Debug|x64
		{3C057D74-FDF0-4335-A289-77C92A176E50}.Debug|x86.ActiveCfg = Debug|Win32
		{3C057D74-FDF0-4335-A289-77C92A176E50}.Debug|x86.Build.0 = Debug|Win32
		{3C057D74-FDF0-4335-A289-77C92A176E50}.Release|x64.ActiveCfg = Release|x64
		{3C057D74-FDF0-4335-A289-77C92A176E50}.Release|x64.Build.0 = Release|x64
		{3C057D74-FDF0-4335-A289-77C92A176E50}.Release|x86.ActiveCfg = Release|Win32
		{3C057D74-FDF0-4335-A289-77C92A176E50}.Release|x86.Build.0 = Release|Win32
		{7BBF1E7E-80B6-41C1-B7C5-4039D0E9C3AE}.Debug|x64.ActiveCfg = Debug|x64
		{7BBF1E7E-80B6-41C1-B7C5-4039D0E9C3AE}.Debug|x64.Build.0 = Debug|x64
		{7BBF1E7E-80B6-41C1-B7C5-4039D0E9C3AE}.Debug|x86.ActiveCfg = Debug|Win32
		{7BBF1E7E-80B6-41C1-B7C5-4039D0E9C3AE}.Debug|x86.Build.0 = Debug|Win32
		{7BBF1E7E-80B6-41C1-B7C5-4039D0E9C3AE}.Release|x64.ActiveCfg = Release|x64
		{7BBF1E7E-80B6-41C1-B7C5-4039D0E9C3AE}.Release|x64.Build.0 = Release|x64
		{7BBF1E7E-80B6-41C1-B7C5-4039D0E9C3AE}.Release|x86.ActiveCfg = Release|Win32
		{7BBF1E7E-80B6-41C1-B7C5-4039D0E9C3AE}.Release|x86.Build.0 = Release|Win32
		{E34F9EF3-C16E-4DDE-8638-60BB8672778A}.Debug|x64.ActiveCfg = Debug|x64
		{E34F9EF3-C16E-4DDE-8638-60BB8672778A}.Debug|x64.Build.0 = Debug|x64
		{E34F9EF3-C16E-4DDE-8638-60BB8672778A}.Debug|x86.ActiveCfg = Debug|Win32
		{E34F9EF3-C16E-4DDE-8638-60BB8672778A}.Debug|x86.Build.0 = Debug|Win32
		{E34F9EF3-C16E-4DDE-8638-60BB8672778A}.Release|x64.ActiveCfg = Release|x64
		{E34F9EF3-C16E-4DDE-8638-60BB8672778A}.Release|x64.Build.0 = Release|x64
		{E34F9EF3-C16E-4DDE-8638-60BB8672778A}.Release|x86.ActiveCfg = Release|Win32
		{E34F9EF3-C16E-4DDE-8638-60BB8672778A}.Release|x86.Build.0 = Release|Win32
		{8F262531-B133-45D1-A2E5-4E3B565E04DE}.Debug|x64.ActiveCfg = Debug|x64
		{8F262531-B133-45D1-A2E5-4E3B565E04DE}.Debug|x64.Build.0 = Debug|x64
		{8F262531-B133-45D1-A2E5-4E3B565E04DE}.Debug|x86.ActiveCfg = Debug|Win32
		{8F262531-B133-45D1-A2E5-4E3B565E04DE}.Debug|x86.Build.0 = Debug|Win32
		{8F262531-B133-45D1-A2E5-4E3B565E04DE}.Release|x64.ActiveCfg = Release|x64
		{8F262531-B133-45D1-A2E5-4E3B565E04DE}.Release|x64.Build.0 = Release|x64
		{8F262531-B133-45D1-A2E5-4E3B565E04DE}.Release|x86.ActiveCfg = Release|Win32
		{8F262531-B133-45D1-A2E5-4E3B565E04DE}.Release|x86.Build.0 = Release|Win32
		{311A3F7A-E17F-4837-961E-008F6C2C730A}.Debug|x64.ActiveCfg = Debug|x64
		{311A3F7A-E17F-4837-961E-008F6C2C730A}.Debug|x64.Build.0 = Debug|x64
		{311A3F7A-E17F-4837-961E-008F6C2C730A}.Debug|x86.ActiveCfg = Debug|Win32
		{311A3F7A-E17F-4837-961E-008F6C2C730A}.Debug|x86.Build.0 = Debug|Win32
		{311A3F7A-E17F-4837-961E-008F6C2C730A}.Release|x64.ActiveCfg = Release|x64
		{311A3F7A-E17F-4837-961E-008F6C2C730A}.Release|x64.Build.0 = Release|x64
		{311A3F7A-E17F-4837-961E-008F6C2C730A}.Release|x86.ActiveCfg = Release|Win32
		{311A3F7A-E17F-4837-961E-008F6C2C730A}.Release|x86.Build.0 = Release|Win32
		{3572643F-86FD-4D6A-8E17-05A8402DA758}.Debug|x64.ActiveCfg = Debug|x64
		{3572643F-86FD-4D6A-8E17-05A8402DA758}.Debug|x64.Build.0 = Debug|x64
		{3572643F-86FD-4D6A-8E17-05A8402DA758}.Debug|x86.ActiveCfg = Debug|Win32
		{3572643F-86FD-4D6A-8E17-05A8402DA758}.Debug|x86.Build.0 = Debug|Win32
		{3572643F-86FD-4D6A-8E17-05A8402DA758}.Release|x64.ActiveCfg = Release|x64
		{3572643F-86FD-4D6A-8E17-05A8402DA758}.Release|x64.Build.0 = Release|x64
		{3572643F-86FD-4D6A-8E17-05A8402DA758}.Release|x86.ActiveCfg = Release|Win32
		{3572643F-86FD-4D6A-8E17-05A8402DA758}.Release|x86.Build.0 = Release|Win32
		{6B723681-666C-48BB-A4C7-386D7430BE99}.Debug|x64.ActiveCfg = Debug|x64
		{6B723681-666C-48BB-A4C7-386D7430BE99}.Debug|x64.Build.0 = Debug|x64
		{6B723681-666C-48BB-A4C7-386D7430BE99}.Debug|x86.ActiveCfg = Debug|Win32
		{6B723681-666C-48BB-A4C7-386D7430BE99}.Debug|x86.Build.0 = Debug|Win32
		{6B723681-666C-48BB-A4C7-386D7430BE99}.Release|x64.ActiveCfg = Release|x64
		{6B723681-666C-48BB-A4C7-386D7430BE99}.Release|x64.Build.0 = Release|x64
		{6B723681-666C-48BB-A4C7-386D7430BE99}.Release|x86.ActiveCfg = Release|Win32
		{6B723681-666C-48BB-A4C7-386D7430BE99}.Release|x86.Build.0 = Release|Win32
		{59C3A3C5-BE70-4792-A614-1AF3EC70B9C1}.Debug|x64.ActiveCfg = Debug|x64
		{59C3A3C5-BE70-4792-A614-1AF3EC70B9C1}.Debug|x64.Build.0 = Debug|x64
		{59C3A3C5-BE70-4792-A614-1AF3EC70B9C1}.Debug|x86.ActiveCfg = Debug|Win32
		{59C3A3C5-BE70-4792-A614-1AF3EC70B9C1}.Debug|x86.Build.0 = Debug|Win32
		{59C3A3C5-BE70-4792-A614-1AF3EC70B9C1}.Release|x64.ActiveCfg = Release|x64
		{59C3A3C5-BE70-4792-A614-1AF3EC70B9C1}.Release|x64.Build.0 = Release|x64
		{59C3A3C5-BE70-4792-A614-1AF3EC70B9C1}.Release|x86.ActiveCfg = Release|Win32
		{59C3A3C5-BE70-4792-A614-1AF3EC70B9C1}.Release|x86.Build.0 = Release|Win32
		{D3E5EECB-593D-442D-837E-9C8920F65036}.Debug|x64.ActiveCfg = Debug|x64
		{D3E5EECB-593D-442D-837E-9C8920F65036}.Debug|x64.Build.0 = Debug|x64
		{D3E5EECB-593D-442D-837E-9C8920F65036}.Debug|x86.ActiveCfg = Debug|Win32
		{D3E5EECB-593D-442D-837E-9C8920F65036}.Debug|x86.Build.0 = Debug|Win32
		{D3E5EECB-593D-442D-837E-9C8920F65036}.Release|x64.ActiveCfg = Release|x64
		{D3E5EECB-593D-442D-837E-9C8920F65036}.Release|x64.Build.0 = Release|x64
		{D3E5EECB-593D-442D-837E-9C8920F65036}.Release|x86.ActiveCfg = Release|Win32
		{D3E5EECB-593D-442D-837E-9C8920F65036}.Release|x86.Build.0 = Release|Win32
		{E8D01190-CAA5-4DAA-B900-9EDA69976790}.Debug|x64.ActiveCfg = Debug|x64
		{E8D01190-CAA5-4DAA-B900-9EDA69976790}.Debug|x64.Build.0 = Debug|x64
		{E8D01190-CAA5-4DAA-B900-9EDA69976790}.Debug|x86.ActiveCfg = Debug|Win32
		{E8D01190-CAA5-4DAA-B900-9EDA69976790}.Debug|x86.Build.0 = Debug|Win32
		{E8D01190-CAA5-4DAA-B900-9EDA69976790}.Release|x64.ActiveCfg = Release|x64
		{E8D01190-CAA5-4DAA-B900-9EDA69976790}.Release|x64.Build.0 = Release|x64
		{E8D01190-CAA5-4DAA-B900-9EDA69976790}.Release|x86.ActiveCfg = Release|Win32
		{E8D01190-CAA5-4DAA-B900-9EDA69976790}.Release|x86.Build.0 = Release|Win32
		{5F386E7B-296E-4246-9797-7B39B55CA45D}.Debug|x64.ActiveCfg = Debug|x64
		{5F386E7B-296E-4246-9797-7B39B55CA45D}.Debug|x64.Build.0 = Debug|x64
		{5F386E7B-296E-4246-9797-7B39B55CA45D}.Debug|x86.ActiveCfg = Debug|Win32
		{5F386E7B-296E-4246-9797-7B39B55CA45D}.Debug|x86.Build.0 = Debug|Win32
		{5F386E7B-296E-4246-9797-7B39B55CA45D}.Release|x64.ActiveCfg = Release|x64
		{5F386E7B-296E-4246-9797-7B39B55CA45D}.Release|x64.Build.0 = Release|x64
		{5F386E7B-296E-4246-9797-7B39B55CA45D}.Release|x86.ActiveCfg = Release|Win32
		{5F386E7B-296E-4246-9797-7B39B55CA45D}.Release|x86.Build.0 = Release|Win32
		{25041FC2-AFE6-4DE0-A469-AD4A82EE9B28}.Debug|x64.ActiveCfg = Debug|x64
		{25041FC2-AFE6-4DE0-A469-AD4A82EE9B28}.Debug|x64.Build.0 = Debug|x64
		{25041FC2-AFE6-4DE0-A469-AD4A82EE9B28}.Debug|x86.ActiveCfg = Debug|Win32
		{25041FC2-AFE6-4DE0-A469-AD4A82EE9B28}.Debug|x86.Build.0 = Debug|Win32
		{25041FC2-AFE6-4DE0-A469-AD4A82EE9B28}.Release|x64.ActiveCfg = Release|x64
		{25041FC2-AFE6-4DE0-A469-AD4A82EE9B28}.Release|x64.Build.0 = Release|x64
		{25041FC2-AFE6-4DE0-A469-AD4A82EE9B28}.Release|x86.ActiveCfg = Release|Win32
		{25041FC2-AFE6-4DE0-A469-AD4A82EE9B28}.Release|x86.Build.0 = Release|Win32
		{F142033F-7DDD-45D7-B326-AF391CD0BE1B}.Debug|x64.ActiveCfg = Debug|x64
		{F142033F-7DDD-45D7-B326-AF391CD0BE1B}.Debug|x64.Build.0 = Debug|x64
		{F142033F-7DDD-45D7-B326-AF391CD0BE1B}.Debug|x86.ActiveCfg = Debug|Win32
		{F142033F-7DDD-45D7-B326-AF391CD0BE1B}.Debug|x86.Build.0 = Debug|Win32
		{F142033F-7DDD-45D7-B326-AF391CD0BE1B}.Release|x64.ActiveCfg = Release|x64
		{F142033F-7DDD-45D7-B326-AF391CD0BE1B}.Release|x64.Build.0 = Release|x64
		{F142033F-7DDD-45D7-B326-AF391CD0BE1B}.Release|x86.ActiveCfg = Release|Win32
		{F142033F-7DDD-45D7-B326-AF391CD0BE1B}.Release|x86.Build.0 = Release|Win32
		{7399ABDA-624E-416B-B035-30C26A147B64}.Debug|x64.ActiveCfg = Debug|x64
		{7399ABDA-624E-416B-B035-30C26A147B64}.Debug|x64.Build.0 = Debug|x64
		{7399ABDA-624E-416B-B035-30C26A147B64}.Debug|x86.ActiveCfg = Debug|Win32
		{7399ABDA-624E-416B-B035-30C26A147B64}.Debug|x86.Build.0 = Debug|Win32
		{7399ABDA-624E-416B-B035-30C26A147B64}.Release|x64.ActiveCfg = Release|x64
		{7399ABDA-624E-416B-B035-30C26A147B64}.Release|x64.Build.0 = Release|x64
		{7399ABDA-624E-416B-B035-30C26A147B64}.Release|x86.ActiveCfg = Release|Win32
		{7399ABDA-624E-416B-B035-30C26A147B64}.Release|x86.Build.0 = Release|Win32
		{D0905183-8540-47B8-858E-98C8163494B0}.Debug|x64.ActiveCfg = Debug|x64
		{D0905183-8540-47B8-858E-98C8163494B0}.Debug|x64.Build.0 = Debug|x64
		{D0905183-8540-47B8-858E-98C8163494B0}.Debug|x86.ActiveCfg = Debug|Win32
		{D0905183-8540-47B8-858E-98C8163494B0}.Debug|x86.Build.0 = Debug|Win32
		{D0905183-8540-47B8-858E-98C8163494B0}.Release|x64.ActiveCfg = Release|x64
		{D0905183-8540-47B8-858E-98C8163494B0}.Release|x64.Build.0 = Release|x64
		{D0905183-8540-47B8-858E-98C8163494B0}.Release|x86.ActiveCfg = Release|Win32
		{D0905183-8540-47B8-858E-98C8163494B0}.Release|x86.Build.0 = Release|Win32
		{1062F25E-22CD-4906-917F-E5647D8C8922}.Debug|x64.ActiveCfg = Debug|x64
		{1062F25E-22CD-4906-917F-E5647D8C8922}.Debug|x64.Build.0 = Debug|x64
		{1062F25E-22CD-4906-917F-E5647D8C8922}.Debug|x86.ActiveCfg = Debug|Win32
		{1062F25E-22CD-4906-917F-E5647D8C8922}.Debug|x86.Build.0 = Debug|Win32
		{1062F25E-22CD-4906-917F-E5647D8C8922}.Release|x64.ActiveCfg = Release|x64
		{1062F25E-22CD-4906-917F-E5647D8C8922}.Release|x64.Build.0 = Release|x64
		{1062F25E-22CD-4906-917F-E5647D8C8922}.Release|x86.ActiveCfg = Release|Win32
		{1062F25E-22CD-4906-917F-E5647D8C8922}.Release|x86.Build.0 = Release|Win32
		{4553CBC7-2496-4EDA-8DE2-45201D571356}.Debug|x64.ActiveCfg = Debug|x64
		{4553CBC7-2496-4EDA-8DE2-45201D571356}.Debug|x64.Build.0 = Debug|x64
		{4553CBC7-2496-4EDA-8DE2-45201D571356}.Debug|x86.ActiveCfg = Debug|Win32
		{4553CBC7-2496-4EDA-8DE2-45201D571356}.Debug|x86.Build.0 = Debug|Win32
		{4553CBC7-2496-4EDA-8DE2-45201D571356}.Release|x64.ActiveCfg = Release|x64
		{4553CBC7-2496-4EDA-8DE2-45201D571356}.Release|x64.Build.0 = Release|x64
		{4553CBC7-2496-4EDA-8DE2-45201D571356}.Release|x86.ActiveCfg = Release|Win32
		{4553CBC7-2496-4EDA-8DE2-45201D571356}.Release|x86.Build.0 = Release|Win32
		{581B510D-C483-4652-8709-DD95A49F70F6}.Debug|x64.ActiveCfg = Debug|x64
		{581B510D-C483-4652-8709-DD95A49F70F6}.Debug|x64.Build.0 = Debug|x64
		{581B510D-C483-4652-8709-DD95A49F70F6}.Debug|x86.ActiveCfg = Debug|Win32
		{581B510D-C483-4652-8709-DD95A49F70F6}.Debug|x86.Build.0 = Debug|Win32
		{581B510D-C483-4652-8709-DD95A49F70F6}.Release|x64.ActiveCfg = Release|x64
		{581B510D-C483-4652-8709-DD95A49F70F6}.Release|x64.Build.0 = Release|x64
		{581B510D-C483-4652-8709-DD95A49F70F6}.Release|x86.ActiveCfg = Release|Win32
		{581B510D-C483-4652-8709-DD95A49F70F6}.Release|x86.Build.0 = Release|Win32
		{6D7D0D17-24A1-4B70-9494-518510C7D9FA}.Debug|x64.ActiveCfg = Debug|x64
		{6D7D0D17-24A1-4B70-9494-518510C7D9FA}.Debug|x64.Build.0 = Debug|x64
		{6D7D0D17-24A1-4B70-9494-518510C7D9FA}.Debug|x86.ActiveCfg = Debug|Win32
		{6D7D0D17-24A1-4B70-9494-518510C7D9FA}.Debug|x86.Build.0 = Debug|Win32
		{6D7D0D17-24A1-4B70-9494-518510C7D9FA}.Release|x64.ActiveCfg = Release|x64
		{6D7D0D17-24A1-4B70-9494-518510C7D9FA}.Release|x64.Build.0 = Release|x64
		{6D7D0D17-24A1-4B70-9494-518510C7D9FA}.Release|x86.ActiveCfg = Release|Win32
		{6D7D0D17-24A1-4B70-9494-518510C7D9FA}.Release|x86.Build.0 = Release|Win32
		{2AE55B68-D18C-45B6-B36C-2168057F5B47}.Debug|x64.ActiveCfg = Debug|x64
		{2AE55B68-D18C-45B6-B36C-2168057F5B47}.Debug|x64.Build.0 = Debug|x64
		{2AE55B68-D18C-45B6-B36C-2168057F5B47}.Debug|x86.ActiveCfg = Debug|Win32
		{2AE55B68-D18C-45B6-B36C-2168057F5B47}.Debug|x86.Build.0 = Debug|Win32
		{2AE55B68-D18C-45B6-B36C-2168057F5B47}.Release|x64.ActiveCfg = Release|x64
		{2AE55B68-D18C-45B6-B36C-2168057F5B47}.Release|x64.Build.0 = Release|x64
		{2AE55B68-D18C-45B6-B36C-2168057F5B47}.Release|x86.ActiveCfg = Release|Win32
		{2AE55B68-D18C-45B6-B36C-2168057F5B47}.Release|x86.Build.0 = Release|Win32
		{DF6E30DF-D2F7-417B-8861-F5CD11F25D05}.Debug|x64.ActiveCfg = Debug|x64
		{DF6E30DF-D2F7-417B-8861-F5CD11F25D05}.Debug|x64.Build.0 = Debug|x64
		{DF6E30DF-D2F7-417B-8861-F5CD11F25D05}.Debug|x86.ActiveCfg = Debug|Win32
		{DF6E30DF-D2F7-417B-8861-F5CD11F25D05}.Debug|x86.Build.0 = Debug|Win32
		{DF6E30DF-D2F7-417B-8861-F5CD11F25D05}.Release|x64.ActiveCfg = Release|x64
		{DF6E30DF-D2F7-417B-8861-F5CD11F25D05}.Release|x64.Build.0 = Release|x64
		{DF6E30DF-D2F7-417B-8861-F5CD11F25D05}.Release|x86.ActiveCfg = Release|Win32
		{DF6E30DF-D2F7-417B-8861-F5CD11F25D05}.Release|x86.Build.0 = Release|Win32
		{8D64484C-347C-43C4-BE22-ED07B0DF6CE5}.Debug|x64.ActiveCfg = Debug|x64
		{8D64484C-347C-43C4-BE22-ED07B0DF6CE5}.Debug|x64.Build.0 = Debug|x64
		{8D64484C-347C-43C4-BE22-ED07B0DF6CE5}.Debug|x86.ActiveCfg = Debug|Win32
		{8D64484C-347C-43C4-BE22-ED07B0DF6CE5}.Debug|x86.Build.0 = Debug|Win32
		{8D64484C-347C-43C4-BE22-ED07B0DF6CE5}.Release|x64.ActiveCfg = Release|x64
		{8D64484C-347C-43C4-BE22-ED07B0DF6CE5}.Release|x64.Build.0 = Release|x64
		{8D64484C-347C-43C4-BE22-ED07B0DF6CE5}.Release|x86.ActiveCfg = Release|Win32
		{8D64484C-347C-43C4-BE22-ED07B0DF6CE5}.Release|x86.Build.0 = Release|Win32
		{23ABE25A-FF87-49ED-9C4D-0D8A0D54F6AC}.Debug|x64.ActiveCfg = Debug|x64
		{23ABE25A-FF87-49ED-9C4D-0D8A0D54F6AC}.Debug|x64.Build.0 = Debug|x64
		{23ABE25A-FF87-49ED-9C4D-0D8A0D54F6AC}.Debug|x86.ActiveCfg = Debug|Win32
		{23ABE25A-FF87-49ED-9C4D-0D8A0D54F6AC}.Debug|x86.Build.0 = Debug|Win32
		{23ABE25A-FF87-49ED-9C4D-0D8A0D54F6AC}.Release|x64.ActiveCfg = Release|x64
		{23ABE25A-FF87-49ED-9C4D-0D8A0D54F6AC}.Release|x64.Build.0 = Release|x64
		{23ABE25A-FF87-49ED-9C4D-0D8A0D54F6AC}.Release|x86.ActiveCfg = Release|Win32
		{23ABE25A-FF87-49ED-9C4D-0D8A0D54F6AC}.Release|x86.Build.0 = Release|Win32
		{2977560F-73E5-4FE7-844F-E622D84855FA}.Debug|x64.ActiveCfg = Debug|x64
		{2977560F-73E5-4FE7-844F-E622D84855FA}.Debug|x64.Build.0 = Debug|x64
		{2977560F-73E5-4FE7-844F-E622D84855FA}.Debug|x86.ActiveCfg = Debug|Win32
		{2977560F-73E5-4FE7-844F-E622D84855FA}.Debug|x86.Build.0 = Debug|Win32
		{2977560F-73E5-4FE7-844F-E622D84855FA}.Release|x64.ActiveCfg = Release|x64
		{2977560F-73E5-4FE7-844F-E622D84855FA}.Release|x64.Build.0 = Release|x64
		{2977560F-73E5-4FE7-844F-E622D84855FA}.Release|x86.ActiveCfg = Release|Win32
		{2977560F-73E5-4FE7-844F-E622D84855FA}.Release|x86.Build.0 = Release|Win32
		{1D3F9A17-3650-43DC-B003-DA082F197011}.Debug|x64.ActiveCfg = Debug|x64
		{1D3F9A17-3650-43DC-B003-DA082F197011}.Debug|x64.Build.0 = Debug|x64
		{1D3F9A17-3650-43DC-B003-DA082F197011}.Debug|x86.ActiveCfg = Debug|Win32
		{1D3F9A17-3650-43DC-B003-DA082F197011}.Debug|x86.Build.0 = Debug|Win32
		{1D3F9A17-3650-43DC-B003-DA082F197011}.Release|x64.ActiveCfg = Release|x64
		{1D3F9A17-3650-43DC-B003-DA082F197011}.Release|x64.Build.0 = Release|x64
		{1D3F9A17-3650-43DC-B003-DA082F197011}.Release|x86.ActiveCfg = Release|Win32
		{1D3F9A17-3650-43DC-B003-DA082F197011}.Release|x86.Build.0 = Release|Win32
		{F0CD5194-BCFB-4BC4-B881-6D20ABAC539E}.Debug|x64.ActiveCfg = Debug|x64
		{F0CD5194-BCFB-4BC4-B881-6D20ABAC539E}.Debug|x64.Build.0 = Debug|x64
		{F0CD5194-BCFB-4BC4-B881-6D20ABAC539E}.Debug|x86.ActiveCfg = Debug|Win32
		{F0CD5194-BCFB-4BC4-B881-6D20ABAC539E}.Debug|x86.Build.0 = Debug|Win32
		{F0CD5194-BCFB-4BC4-B881-6D20ABAC539E}.Release|x64.ActiveCfg = Release|x64
		{F0CD5194-BCFB-4BC4-B881-6D20ABAC539E}.Release|x64.Build.0 = Release|x64
		{F0CD5194-BCFB-4BC4-B881-6D20ABAC539E}.Release|x86.ActiveCfg = Release|Win32
		{F0CD5194-BCFB-4BC4-B881-6D20ABAC539E}.Release|x86.Build.0 = Release|Win32
		{7AC1DB9F-5588-421C-8A24-D35E3CDFB9E4}.Debug|x64.ActiveCfg = Debug|x64
		{7AC1DB9F-5588-421C-8A24-D35E3CDFB9E4}.Debug|x64.Build.0 = Debug|x64
		{7AC1DB9F-5588-421C-8A24-D35E3CDFB9E4}.Debug|x86.ActiveCfg = Debug|Win32
		{7AC1DB9F-5588-421C-8A24-D35E3CDFB9E4}.Debug|x86.Build.0 = Debug|Win32
		{7AC1DB9F-5588-421C-8A24-D35E3CDFB9E4}.Release|x64.ActiveCfg = Release|x64
		{7AC1DB9F-5588-421C-8A24-D35E3CDFB9E4}.Release|x64.Build.0 = Release|x64
		{7AC1DB9F-5588-421C-8A24-D35E3CDFB9E4}.Release|x86.ActiveCfg = Release|Win32
		{7AC1DB9F-5588-421C-8A24-D35E3CDFB9E4}.Release|x86.Build.0 = Release|Win32
		{59128E8F-67A7-4B7D-BF6D-582E47DC56C3}.Debug|x64.ActiveCfg = Debug|x64
		{59128E8F-67A7-4B7D-BF6D-582E47DC56C3}.Debug|x64.Build.0 = Debug|x64
		{59128E8F-67A7-4B7D-BF6D-582E47DC56C3}.Debug|x86.ActiveCfg = Debug|Win32
		{59128E8F-67A7-4B7D-BF6D-582E47DC56C3}.Debug|x86.Build.0 = Debug|Win32
		{59128E8F-67A7-4B7D-BF6D-582E47DC56C3}.Release|x64.ActiveCfg = Release|x64
		{59128E8F-67A7-4B7D-BF6D-582E47DC56C3}.Release|x64.Build.0 = Release|x64
		{59128E8F-67A7-4B7D-BF6D-582E47DC56C3}.Release|x86.ActiveCfg = Release|Win32
		{59128E8F-67A7-4B7D-BF6D-582E47DC56C3}.Release|x86.Build.0 = Release|Win32
		{F53C85F2-E310-40E7-9D55-B308D88EBC85}.Debug|x64.ActiveCfg = Debug|x64
		{F53C85F2-E310-40E7-9D55-B308D88EBC85}.Debug|x64.Build.0 = Debug|x64
		{F53C85F2-E310-40E7-9D55-B308D88EBC85}.Debug|x86.ActiveCfg = Debug|Win32
		{F53C85F2-E310-40E7-9D55-B308D88EBC85}.Debug|x86.Build.0 = Debug|Win32
		{F53C85F2-E310-40E7-9D55-B308D88EBC85}.Release|x64.ActiveCfg = Release|x64
		{F53C85F2-E310-40E7-9D55-B308D88EBC85}.Release|x64.Build.0 = Release|x64
		{F53C85F2-E310-40E7-9D55-B308D88EBC85}.Release|x86.ActiveCfg = Release|Win32
		{F53C85F2-E310-40E7-9D55-B308D88EBC85}.Release|x86.Build.0 = Release|Win32
		{28D86B47-1E38-42FF-B9AA-D381868BECFF}.Debug|x64.ActiveCfg = Debug|x64
		{28D86B47-1E38-42FF-B9AA-D381868BECFF}.Debug|x64.Build.0 = Debug|x64
		{28D86B47-1E38-42FF-B9AA-D381868BECFF}.Debug|x86.ActiveCfg = Debug|Win32
		{28D86B47-1E38-42FF-B9AA-D381868BECFF}.Debug|x86.Build.0 = Debug|Win32
		{28D86B47-1E38-42FF-B9AA-D381868BECFF}.Release|x64.ActiveCfg = Release|x64
		{28D86B47-1E38-42FF-B9AA-D381868BECFF}.Release|x64.Build.0 = Release|x64
		{28D86B47-1E38-42FF-B9AA-D381868BECFF}.Release|x86.ActiveCfg = Release|Win32
		{28D86B47-1E38-42FF-B9AA-D381868BECFF}.Release|x86.Build.0 = Release|Win32
		{E721F619-7D8A-4C32-B9EE-DA36A0E4F70B}.Debug|x64.ActiveCfg = Debug|x64
		{E721F619-7D8A-4C32-B9EE-DA36A0E4F70B}.Debug|x64.Build.0 = Debug|x64
		{E721F619-7D8A-4C32-B9EE-DA36A0E4F70B}.Debug|x86.ActiveCfg = Debug|Win32
		{E721F619-7D8A-4C32-B9EE-DA36A0E4F70B}.Debug|x86.Build.0 = Debug|Win32
		{E721F619-7D8A-4C32-B9EE-DA36A0E4F70B}.Release|x64.ActiveCfg = Release|x64
		{E721F619-7D8A-4C32-B9EE-DA36A0E4F70B}.Release|x64.Build.0 = Release|x64
		{E721F619-7D8A-4C32-B9EE-DA36A0E4F70B}.Release|x86.ActiveCfg = Release|Win32
		{E721F619-7D8A-4C32-B9EE-DA36A0E4F70B}.Release|x86.Build.0 = Release|Win32
		{D917C667-CD1E-41B0-9DF5-29A56FD8BF1D}.Debug|x64.ActiveCfg = Debug|x64
		{D917C667-CD1E-41B0-9DF5-29A56FD8BF1D}.Debug|x64.Build.0 = Debug|x64
		{D917C667-CD1E-41B0-9DF5-29A56FD8BF1D}.Debug|x86.ActiveCfg = Debug|Win32
		{D917C667-CD1E-41B0-9DF5-29A56FD8BF1D}.Debug|x86.Build.0 = Debug|Win32
		{D917C667-CD1E-41B0-9DF5-29A56FD8BF1D}.Release|x64.ActiveCfg = Release|x64
		{D917C667-CD1E-41B0-9DF5-29A56FD8BF1D}.Release|x64.Build.0 = Release|x64
		{D917C667-CD1E-41B0-9DF5-29A56FD8BF1D}.Release|x86.ActiveCfg = Release|Win32
		{D917C667-CD1E-41B0-9DF5-29A56FD8BF1D}.Release|x86.Build.0 = Release|Win32
		{D640AA02-CB25-4549-8996-58BFC93890DC}.Debug|x64.ActiveCfg = Debug|x64
		{D640AA02-CB25-4549-8996-58BFC93890DC}.Debug|x64.Build.0 = Debug|x64
		{D640AA02-CB25-4549-8996-58BFC93890DC}.Debug|x86.ActiveCfg = Debug|Win32
		{D640AA02-CB25-4549-8996-58BFC93890DC}.Debug|x86.Build.0 = Debug|Win32
		{D640AA02-CB25-4549-8996-58BFC93890DC}.Release|x64.ActiveCfg = Release|x64
		{D640AA02-CB25-4549-8996-58BFC93890DC}.Release|x64.Build.0 = Release|x64
		{D640AA02-CB25-4549-8996-58BFC93890DC}.Release|x86.ActiveCfg = Release|Win32
		{D640AA02-CB25-4549-8996-58BFC93890DC}.Release|x86.Build.0 = Release|Win32
		{AC53D767-3C96-473F-92B0-11B36305C896}.Debug|x64.ActiveCfg = Debug|x64
		{AC53D767-3C96-473F-92B0-11B36305C896}.Debug|x64.Build.0 = Debug|x64
		{AC53D767-3C96-473F-92B0-11B36305C896}.Debug|x86.ActiveCfg = Debug|Win32
		{AC53D767-3C96-473F-92B0-11B36305C896}.Debug|x86.Build.0 = Debug|Win32
		{AC53D767-3C96-473F-92B0-11B36305C896}.Release|x64.ActiveCfg = Release|x64
		{AC53D767-3C96-473F-92B0-11B36305C896}.Release|x64.Build.0 = Release|x64
		{AC53D767-3C96-473F-92B0-11B36305C896}.Release|x86.ActiveCfg = Release|Win32
		{AC53D767-3C96-473F-92B0-11B36305C896}.Release|x86.Build.0 = Release|Win32
		{D2A0888C-741E-4374-A9C1-1589B3F8F4A0}.Debug|x64.ActiveCfg = Debug|x64
		{D2A0888C-741E-4374-A9C1-1589B3F8F4A0}.Debug|x64.Build.0 = Debug|x64
		{D2A0888C-741E-4374-A9C1-1589B3F8F4A0}.Debug|x86.ActiveCfg = Debug|Win32
		{D2A0888C-741E-4374-A9C1-1589B3F8F4A0}.Debug|x86.Build.0 = Debug|Win32
		{D2A0888C-741E-4374-A9C1-1589B3F8F4A0}.Release|x64.ActiveCfg = Release|x64
		{D2A0888C-741E-4374-A9C1-1589B3F8F4A0}.Release|x64.Build.0 = Release|x64
		{D2A0888C-741E-4374-A9C1-1589B3F8F4A0}.Release|x86.ActiveCfg = Release|Win32
		{D2A0888C-741E-4374-A9C1-1589B3F8F4A0}.Release|x86.Build.0 = Release|Win32
		{341B6EA5-67F8-4E66-914C-42A3F1736CBD}.Debug|x64.ActiveCfg = Debug|x64
		{341B6EA5-67F8-4E66-914C-42A3F1736CBD}.Debug|x64.Build.0 = Debug|x64
		{341B6EA5-67F8-4E66-914C-42A3F1736CBD}.Debug|x86.ActiveCfg = Debug|Win32
		{341B6EA5-67F8-4E66-914C-42A3F1736CBD}.Debug|x86.Build.0 = Debug|Win32
		{341B6EA5-67F8-4E66-914C-42A3F1736CBD}.Release|x64.ActiveCfg = Release|x64
		{341B6EA5-67F8-4E66-914C-42A3F1736CBD}.Release|x64.Build.0 = Release|x64
		{341B6EA5-67F8-4E66-914C-42A3F1736CBD}.Release|x86.ActiveCfg = Release|Win32
		{341B6EA5-67F8-4E66-914C-42A3F1736CBD}.Release|x86.Build.0 = Release|Win32
		{9D05396E-EDFA-421F-84EF-430DD47BE0F3}.Debug|x64.ActiveCfg = Debug|x64
		{9D05396E-EDFA-421F-84EF-430DD47BE0F3}.Debug|x64.Build.0 = Debug|x64
		{9D05396E-EDFA-421F-84EF-430DD47BE0F3}.Debug|x86.ActiveCfg = Debug|Win32
		{9D05396E-EDFA-421F-84EF-430DD47BE0F3}.Debug|x86.Build.0 = Debug|Win32
		{9D05396E-EDFA-421F-84EF-430DD47BE0F3}.Release|x64.ActiveCfg = Release|x64
		{9D05396E-EDFA-421F-84EF-430DD47BE0F3}.Release|x64.Build.0 = Release|x64
		{9D05396E-EDFA-421F-84EF-430DD47BE0F3}.Release|x86.ActiveCfg = Release|Win32
		{9D05396E-EDFA-421F-84EF-430DD47BE0F3}.Release|x86.Build.0 = Release|Win32
		{BB3FB0DF-0635-424C-A98F-D69917D40111}.Debug|x64.ActiveCfg = Debug|x64
		{BB3FB0DF-0635-424C-A98F-D69917D40111}.Debug|x64.Build.0 = Debug|x64
		{BB3FB0DF-0635-424C-A98F-D69917D40111}.Debug|x86.ActiveCfg = Debug|Win32
		{BB3FB0DF-0635-424C-A98F-D69917D40111}.Debug|x86.Build.0 = Debug|Win32
		{BB3FB0DF-0635-424C-A98F-D69917D40111}.Release|x64.ActiveCfg = Release|x64
		{BB3FB0DF-0635-424C-A98F-D69917D40111}.Release|x64.Build.0 = Release|x64
		{BB3FB0DF-0635-424C-A98F-D69917D40111}.Release|x86.ActiveCfg = Release|Win32
		{BB3FB0DF-0635-424C-A98F-D69917D40111}.Release|x86.Build.0 = Release|Win32
		{569C933E-F963-4F04-9D1B-911A7269FBC8}.Debug|x64.ActiveCfg = Debug|x64
		{569C933E-F963-4F04-9D1B-911A7269FBC8}.Debug|x64.Build.0 = Debug|x64
		{569C933E-F963-4F04-9D1B-911A7269FBC8}.Debug|x86.ActiveCfg = Debug|Win32
		{569C933E-F963-4F04-9D1B-911A7269FBC8}.Debug|x86.Build.0 = Debug|Win32
		{569C933E-F963-4F04-9D1B-911A7269FBC8}.Release|x64.ActiveCfg = Release|x64
		{569C933E-F963-4F04-9D1B-911A7269FBC8}.Release|x64.Build.0 = Release|x64
		{569C933E-F963-4F04-9D1B-911A7269FBC8}.Release|x86.ActiveCfg = Release|Win32
		{569C933E-F963-4F04-9D1B-911A7269FBC8}.Release|x86.Build.0 = Release|Win32
		{BC20442C-FB4E-4357-AC93-19F8BA582025}.Debug|x64.ActiveCfg = Debug|x64
		{BC20442C-FB4E-4357-AC93-19F8BA582025}.Debug|x64.Build.0 = Debug|x64
		{BC20442C-FB4E-4357-AC93-19F8BA582025}.Debug|x86.ActiveCfg = Debug|Win32
		{BC20442C-FB4E-4357-AC93-19F8BA582025}.Debug|x86.Build.0 = Debug|Win32
		{BC20442C-FB4E-4357-AC93-19F8BA582025}.Release|x64.ActiveCfg = Release|x64
		{BC20442C-FB4E-4357-AC93-19F8BA582025}.Release|x64.Build.0 = Release|x64
		{BC20442C-FB4E-4357-AC93-19F8BA582025}.Release|x86.ActiveCfg = Release|Win32
		{BC20442C-FB4E-4357-AC93-19F8BA582025}.Release|x86.Build.0 = Release|Win32
		{58DA1717-14D6-4A1E-88F3-FBE2C237E7D3}.Debug|x64.ActiveCfg = Debug|x64
		{58DA1717-14D6-4A1E-88F3-FBE2C237E7D3}.Debug|x64.Build.0 = Debug|x64
		{58DA1717-14D6-4A1E-88F3-FBE2C237E7D3}.Debug|x86.ActiveCfg = Debug|Win32
		{58DA1717-14D6-4A1E-88F3-FBE2C237E7D3}.Debug|x86.Build.0 = Debug|Win32
		{58DA1717-14D6-4A1E-88F3-FBE2C237E7D3}.Release|x64.ActiveCfg = Release|x64
		{58DA1717-14D6-4A1E-88F3-FBE2C237E7D3}.Release|x64.Build.0 = Release|x64
		{58DA1717-14D6-4A1E-88F3-FBE2C237E7D3}.Release|x86.ActiveCfg = Release|Win32
		{58DA1717-14D6-4A1E-88F3-FBE2C237E7D3}.Release|x86.Build.0 = Release|Win32
		{F399275B-2934-4510-9434-8BB6CE426D1E}.Debug|x64.ActiveCfg = Debug|x64
		{F399275B-2934-4510-9434-8BB6CE426D1E}.Debug|x64.Build.0 = Debug|x64
		{F399275B-2934-4510-9434-8BB6CE426D1E}.Debug|x86.ActiveCfg = Debug|Win32
		{F399275B-2934-4510-9434-8BB6CE426D1E}.Debug|x86.Build.0 = Debug|Win32
		{F399275B-2934-4510-9434-8BB6CE426D1E}.Release|x64.ActiveCfg = Release|x64
		{F399275B-2934-4510-9434-8BB6CE426D1E}.Release|x64.Build.0 = Release|x64
		{F399275B-2934-4510-9434-8BB6CE426D1E}.Release|x86.ActiveCfg = Release|Win32
		{F399275B-2934-4510-9434-8BB6CE426D1E}.Release|x86.Build.0 = Release|Win32
		{0A80BB78-5884-412B-9BDF-8E3F499378BA}.Debug|x64.ActiveCfg = Debug|x64
		{0A80BB78-5884-412B-9BDF-8E3F499378BA}.Debug|x64.Build.0 = Debug|x64
		{0A80BB78-5884-412B-9BDF-8E3F499378BA}.Debug|x86.ActiveCfg = Debug|Win32
		{0A80BB78-5884-412B-9BDF-8E3F499378BA}.Debug|x86.Build.0 = Debug|Win32
		{0A80BB78-5884-412B-9BDF-8E3F499378BA}.Release|x64.ActiveCfg = Release|x64
		{0A80BB78-5884-412B-9BDF-8E3F499378BA}.Release|x64.Build.0 = Release|x64
		{0A80BB78-5884-412B-9BDF-8E3F499378BA}.Release|x86.ActiveCfg = Release|Win32
		{0A80BB78-5884-412B-9BDF-8E3F499378BA}.Release|x86.Build.0 = Release|Win32
		{512B8E2B-33F9-49D9-A281-147269FB504E}.Debug|x64.ActiveCfg = Debug|x64
		{512B8E2B-33F9-49D9-A281-147269FB504E}.Debug|x64.Build.0 = Debug|x64
		{512B8E2B-33F9-49D9-A281-147269FB504E}.Debug|x86.ActiveCfg = Debug|Win32
		{512B8E2B-33F9-49D9-A281-147269FB504E}.Debug|x86.Build.0 = Debug|Win32
		{512B8E2B-33F9-49D9-A281-147269FB504E}.Release|x64.ActiveCfg = Release|x64
		{512B8E2B-33F9-49D9-A281-147269FB504E}.Release|x64.Build.0 = Release|x64
		{512B8E2B-33F9-49D9-A281-147269FB504E}.Release|x86.ActiveCfg = Release|Win32
		{512B8E2B-33F9-49D9-A281-147269FB504E}.Release|x86.Build.0 = Release|Win32
		{D812721A-B3D7-4A46-A08B-69E7579F853B}.Debug|x64.ActiveCfg = Debug|x64
		{D812721A-B3D7-4A46-A08B-69E7579F853B}.Debug|x64.Build.0 = Debug|x64
		{D812721A-B3D7-4A46-A08B-69E7579F853B}.Debug|x86.ActiveCfg = Debug|Win32
		{D812721A-B3D7-4A46-A08B-69E7579F853B}.Debug|x86.Build.0 = Debug|Win32
		{D812721A-B3D7-4A46-A08B-69E7579F853B}.Release|x64.ActiveCfg = Release|x64
		{D812721A-B3D7-4A46-A08B-69E7579F853B}.Release|x64.Build.0 = Release|x64
		{D812721A-B3D7-4A46-A08B-69E7579F853B}.Release|x86.ActiveCfg = Release|Win32
		{D812721A-B3D7-4A46-A08B-69E7579F853B}.Release|x86.Build.0 = Release|Win32
		{E9DD397D-BD92-4FB8-B0E2-1F5895E29F34}.Debug|x64.ActiveCfg = Debug|x64
		{E9DD397D-BD92-4FB8-B0E2-1F5895E29F34}.Debug|x64.Build.0 = Debug|x64
		{E9DD397D-BD92-4FB8-B0E2-1F5895E29F34}.Debug|x86.ActiveCfg = Debug|Win32
		{E9DD397D-BD92-4FB8-B0E2-1F5895E29F34}.Debug|x86.Build.0 = Debug|Win32
		{E9DD397D-BD92-4FB8-B0E2-1F5895E29F34}.Release|x64.ActiveCfg = Release|x64
		{E9DD397D-BD92-4FB8-B0E2-1F5895E29F34}.Release|x64.Build.0 = Release|x64
		{E9DD397D-BD92-4FB8-B0E2-1F5895E29F34}.Release|x86.ActiveCfg = Release|Win32
		{E9DD397D-BD92-4FB8-B0E2-1F5895E29F34}.Release|x86.Build.0 = Release|Win32
		{FFEBB5D1-9E40-4C26-BB4A-436704F4E5F9}.Debug|x64.ActiveCfg = Debug|x64
		{FFEBB5D1-9E40-4C26-BB4A-436704F4E5F9}.Debug|x64.Build.0 = Debug|x64
		{FFEBB5D1-9E40-4C26-BB4A-436704F4E5F9}.Debug|x86.ActiveCfg = Debug|Win32
		{FFEBB5D1-9E40-4C26-BB4A-436704F4E5F9}.Debug|x86.Build.0 = Debug|Win32
		{FFEBB5D1-9E40-4C26-BB4A-436704F4E5F9}.Release|x64.ActiveCfg = Release|x64
		{FFEBB5D1-9E40-4C26-BB4A-436704F4E5F9}.Release|x64.Build.0 = Release|x64
		{FFEBB5D1-9E40-4C26-BB4A-436704F4E5F9}.Release|x86.ActiveCfg = Release|Win32
		{FFEBB5D1-9E40-4C26-BB4A-436704F4E5F9}.Release|x86.Build.0 = Release|Win32
		{D69C385E-690E-4AE8-A8E2-2B9E50303904}.Debug|x64.ActiveCfg = Debug|x64
		{D69C385E-690E-4AE8-A8E2-2B9E50303904}.Debug|x64.Build.0 = Debug|x64
		{D69C385E-690E-4AE8-A8E2-2B9E50303904}.Debug|x86.ActiveCfg = Debug|Win32
		{D69C385E-690E-4AE8-A8E2-2B9E50303904}.Debug|x86.Build.0 = Debug|Win32
		{D69C385E-690E-4AE8-A8E2-2B9E50303904}.Release|x64.ActiveCfg = Release|x64
		{D69C385E-690E-4AE8-A8E2-2B9E50303904}.Release|x64.Build.0 = Release|x64
		{D69C385E-690E-4AE8-A8E2-2B9E50303904}.Release|x86.ActiveCfg = Release|Win32
		{D69C385E-690E-4AE8-A8E2-2B9E50303904}.Release|x86.Build.0 = Release|Win32
		{7F655F89-FE1B-4B54-B6E9-D2D45435BF21}.Debug|x64.ActiveCfg = Debug|x64
		{7F655F89-FE1B-4B54-B6E9-D2D45435BF21}.Debug|x64.Build.0 = Debug|x64
		{7F655F89-FE1B-4B54-B6E9-D2D45435BF21}.Debug|x86.ActiveCfg = Debug|Win32
		{7F655F89-FE1B-4B54-B6E9-D2D45435BF21}.Debug|x86.Build.0 = Debug|Win32
		{7F655F89-FE1B-4B54-B6E9-D2D45435BF21}.Release|x64.ActiveCfg = Release|x64
		{7F655F89-FE1B-4B54-B6E9-D2D45435BF21}.Release|x64.Build.0 = Release|x64
		{7F655F89-FE1B-4B54-B6E9-D2D45435BF21}.Release|x86.ActiveCfg = Release|Win32
		{7F655F89-FE1B-4B54-B6E9-D2D45435BF21}.Release|x86.Build.0 = Release|Win32
		{DF7C3AED-F168-48E7-A78E-8860016C24F8}.Debug|x64.ActiveCfg = Debug|x64
		{DF7C3AED-F168-48E7-A78E-8860016C24F8}.Debug|x64.Build.0 = Debug|x64
		{DF7C3AED-F168-48E7-A78E-8860016C24F8}.Debug|x86.ActiveCfg = Debug|Win32
		{DF7C3AED-F168-48E7-A78E-8860016C24F8}.Debug|x86.Build.0 = Debug|Win32
		{DF7C3AED-F168-48E7-A78E-8860016C24F8}.Release|x64.ActiveCfg = Release|x64
		{DF7C3AED-F168-48E7-A78E-8860016C24F8}.Release|x64.Build.0 = Release|x64
		{DF7C3AED-F168-48E7-A78E-8860016C24F8}.Release|x86.ActiveCfg = Release|Win32
		{DF7C3AED-F168-48E7-A78E-8860016C24F8}.Release|x86.Build.0 = Release|Win32
		{59503B9F-B720-4374-959A-CEF5CAE46D4B}.Debug|x64.ActiveCfg = Debug|x64
		{59503B9F-B720-4374-959A-CEF5CAE46D4B}.Debug|x64.Build.0 = Debug|x64
		{59503B9F-B720-4374-959A-CEF5CAE46D4B}.Debug|x86.ActiveCfg = Debug|Win32
		{59503B9F-B720-4374-959A-CEF5CAE46D4B}.Debug|x86.Build.0 = Debug|Win32
		{59503B9F-B720-4374-959A-CEF5CAE46D4B}.Release|x64.ActiveCfg = Release|x64
		{59503B9F-B720-4374-959A-CEF5CAE46D4B}.Release|x64.Build.0 = Release|x64
		{59503B9F-B720-4374-959A-CEF5CAE46D4B}.Release|x86.ActiveCfg = Release|Win32
		{59503B9F-B720-4374-959A-CEF5CAE46D4B}.Release|x86.Build.0 = Release|Win32
		{53778855-AF6C-410E-9344-F4E4A27FDC7A}.Debug|x64.ActiveCfg = Debug|x64
		{53778855-AF6C-410E-9344-F4E4A27FDC7A}.Debug|x64.Build.0 = Debug|x64
		{53778855-AF6C-410E-9344-F4E4A27FDC7A}.Debug|x86.ActiveCfg = Debug|Win32
		{53778855-AF6C-410E-9344-F4E4A27FDC7A}.Debug|x86.Build.0 = Debug|Win32
		{53778855-AF6C-410E-9344-F4E4A27FDC7A}.Release|x64.ActiveCfg = Release|x64
		{53778855-AF6C-410E-9344-F4E4A27FDC7A}.Release|x64.Build.0 = Release|x64
		{53778855-AF6C-410E-9344-F4E4A27FDC7A}.Release|x86.ActiveCfg = Release|Win32
		{53778855-AF6C-410E-9344-F4E4A27FDC7A}.Release|x86.Build.0 = Release|Win32
		{17DFD5DD-9C72-4DEB-8E57-33F13A6760E6}.Debug|x64.ActiveCfg = Debug|x64
		{17DFD5DD-9C72-4DEB-8E57-33F13A6760E6}.Debug|x64.Build.0 = Debug|x64
		{17DFD5DD-9C72-4DEB-8E57-33F13A6760E6}.Debug|x86.ActiveCfg = Debug|Win32
		{17DFD5DD-9C72-4DEB-8E57-33F13A6760E6}.Debug|x86.Build.0 = Debug|Win32
		{17DFD5DD-9C72-4DEB-8E57-33F13A6760E6}.Release|x64.ActiveCfg = Release|x64
		{17DFD5DD-9C72-4DEB-8E57-33F13A6760E6}.Release|x64.Build.0 = Release|x64
		{17DFD5DD-9C72-4DEB-8E57-33F13A6760E6}.Release|x86.ActiveCfg = Release|Win32
		{17DFD5DD-9C72-4DEB-8E57-33F13A6760E6}.Release|x86.Build.0 = Release|Win32
		{585A9C23-5B40-464E-BA2F-C19453B835EC}.Debug|x64.ActiveCfg = Debug|x64
		{585A9C23-5B40-464E-BA2F-C19453B835EC}.Debug|x64.Build.0 = Debug|x64
		{585A9C23-5B40-464E-BA2F-C19453B835EC}.Debug|x86.ActiveCfg = Debug|Win32
		{585A9C23-5B40-464E-BA2F-C19453B835EC}.Debug|x86.Build.0 = Debug|Win32
		{585A9C23-5B40-464E-BA2F-C19453B835EC}.Release|x64.ActiveCfg = Release|x64
		{585A9C23-5B40-464E-BA2F-C19453B835EC}.Release|x64.Build.0 = Release|x64
		{585A9C23-5B40-464E-BA2F-C19453B835EC}.Release|x86.ActiveCfg = Release|Win32
		{585A9C23-5B40-464E-BA2F-C19453B835EC}.Release|x86.Build.0 = Release|Win32
		{BB1C2CE3-810F-4F3C-AC00-7DC0EAD2FAB5}.Debug|x64.ActiveCfg = Debug|x64
		{BB1C2CE3-810F-4F3C-AC00-7DC0EAD2FAB5}.Debug|x64.Build.0 = Debug|x64
		{BB1C2CE3-810F-4F3C-AC00-7DC0EAD2FAB5}.Debug|x86.ActiveCfg = Debug|Win32
		{BB1C2CE3-810F-4F3C-AC00-7DC0EAD2FAB5}.Debug|x86.Build.0 = Debug|Win32
		{BB1C2CE3-810F-4F3C-AC00-7DC0EAD2FAB5}.Release|x64.ActiveCfg = Release|x64
		{BB1C2CE3-810F-4F3C-AC00-7DC0EAD2FAB5}.Release|x64.Build.0 = Release|x64
		{BB1C2CE3-810F-4F3C-AC00-7DC0EAD2FAB5}.Release|x86.ActiveCfg = Release|Win32
		{BB1C2CE3-810F-4F3C-AC00-7DC0EAD2FAB5}.Release|x86.Build.0 = Release|Win32
		{70153D17-D9D9-4E68-90C6-FEE4C28DEACC}.Debug|x64.ActiveCfg = Debug|x64
		{70153D17-D9D9-4E68-90C6-FEE4C28DEACC}.Debug|x64.Build.0 = Debug|x64
		{70153D17-D9D9-4E68-90C6-FEE4C28DEACC}.Debug|x86.ActiveCfg = Debug|Win32
		{70153D17-D9D9-4E68-90C6-FEE4C28DEACC}.Debug|x86.Build.0 = Debug|Win32
		{70153D17-D9D9-4E68-90C6-FEE4C28DEACC}.Release|x64.ActiveCfg = Release|x64
		{70153D17-D9D9-4E68-90C6-FEE4C28DEACC}.Release|x64.Build.0 = Release|x64
		{70153D17-D9D9-4E68-90C6-FEE4C28DEACC}.Release|x86.ActiveCfg = Release|Win32
		{70153D17-D9D9-4E68-90C6-FEE4C28DEACC}.Release|x86.Build.0 = Release|Win32
		{75195805-55C1-4CBC-B560-D04776CB0AAC}.Debug|x64.ActiveCfg = Debug|x64
		{75195805-55C1-4CBC-B560-D04776CB0AAC}.Debug|x64.Build.0 = Debug|x64
		{75195805-55C1-4CBC-B560-D04776CB0AAC}.Debug|x86.ActiveCfg = Debug|Win32
		{75195805-55C1-4CBC-B560-D04776CB0AAC}.Debug|x86.Build.0 = Debug|Win32
		{75195805-55C1-4CBC-B560-D04776CB0AAC}.Release|x64.ActiveCfg = Release|x64
		{75195805-55C1-4CBC-B560-D04776CB0AAC}.Release|x64.Build.0 = Release|x64
		{75195805-55C1-4CBC-B560-D04776CB0AAC}.Release|x86.ActiveCfg = Release|Win32
		{75195805-55C1-4CBC-B560-D04776CB0AAC}.Release|x86.Build.0 = Release|Win32
		{B16350A4-DAA9-4389-8343-8CC24A2449D3}.Debug|x64.ActiveCfg = Debug|x64
		{B16350A4-DAA9-4389-8343-8CC24A2449D3}.Debug|x64.Build.0 = Debug|x64
		{B16350A4-DAA9-4389-8343-8CC24A2449D3}.Debug|x86.ActiveCfg = Debug|Win32
		{B16350A4-DAA9-4389-8343-8CC24A2449D3}.Debug|x86.Build.0 = Debug|Win32
		{B16350A4-DAA9-4389-8343-8CC24A2449D3}.Release|x64.ActiveCfg = Release|x64
		{B16350A4-DAA9-4389-8343-8CC24A2449D3}.Release|x64.Build.0 = Release|x64
		{B16350A4-DAA9-4389-8343-8CC24A2449D3}.Release|x86.ActiveCfg = Release|Win32
		{B16350A4-DAA9-4389-8343-8CC24A2449D3}.Release|x86.Build.0 = Release|Win32
		{60F341B7-3914-427B-8281-82AC49B2B6E5}.Debug|x64.ActiveCfg = Debug|x64
		{60F341B7-3914-427B-8281-82AC49B2B6E5}.Debug|x64.Build.0 = Debug|x64
		{60F341B7-3914-427B-8281-82AC49B2B6E5}.Debug|x86.ActiveCfg = Debug|Win32
		{60F341B7-3914-427B-8281-82AC49B2B6E5}.Debug|x86.Build.0 = Debug|Win32
		{60F341B7-3914-427B-8281-82AC49B2B6E5}.Release|x64.ActiveCfg = Release|x64
		{60F341B7-3914-427B-8281-82AC49B2B6E5}.Release|x64.Build.0 = Release|x64
		{60F341B7-3914-427B-8281-82AC49B2B6E5}.Release|x86.ActiveCfg = Release|Win32
		{60F341B7-3914-427B-8281-82AC49B2B6E5}.Release|x86.Build.0 = Release|Win32
		{86B2BCEE-4DB4-4713-82D8-C57D3B2BD3DE}.Debug|x64.ActiveCfg = Debug|x64
		{86B2BCEE-4DB4-4713-82D8-C57D3B2BD3DE}.Debug|x64.Build.0 = Debug|x64
		{86B2BCEE-4DB4-4713-82D8-C57D3B2BD3DE}.Debug|x86.ActiveCfg = Debug|Win32
		{86B2BCEE-4DB4-4713-82D8-C57D3B2BD3DE}.Debug|x86.Build.0 = Debug|Win32
		{86B2BCEE-4DB4-4713-82D8-C57D3B2BD3DE}.Release|x64.ActiveCfg = Release|x64
		{86B2BCEE-4DB4-4713-82D8-C57D3B2BD3DE}.Release|x64.Build.0 = Release|x64
		{86B2BCEE-4DB4-4713-82D8-C57D3B2BD3DE}.Release|x86.ActiveCfg = Release|Win32
		{86B2BCEE-4DB4-4713-82D8-C57D3B2BD3DE}.Release|x86.Build.0 = Release|Win32
		{E3CE02C6-4F59-40D0-AF93-4E61B7A1D01C}.Debug|x64.ActiveCfg = Debug|x64
		{E3CE02C6-4F59-40D0-AF93-4E61B7A1D01C}.Debug|x64.Build.0 = Debug|x64
		{E3CE02C6-4F59-40D0-AF93-4E61B7A1D01C}.Debug|x86.ActiveCfg = Debug|Win32
		{E3CE02C6-4F59-40D0-AF93-4E61B7A1D01C}.Debug|x86.Build.0 = Debug|Win32
		{E3CE02C6-4F59-40D0-AF93-4E61B7A1D01C}.Release|x64.ActiveCfg = Release|x64
		{E3CE02C6-4F59-40D0-AF93-4E61B7A1D01C}.Release|x64.Build.0 = Release|x64
		{E3CE02C6-4F59-40D0-AF93-4E61B7A1D01C}.Release|x86.ActiveCfg = Release|Win32
		{E3CE02C6-4F59-40D0-AF93-4E61B7A1D01C}.Release|x86.Build.0 = Release|Win32
		{6EA8A647-97D2-48A7-8D58-792378F76A71}.Debug|x64.ActiveCfg = Debug|x64
		{6EA8A647-97D2-48A7-8D58-792378F76A71}.Debug|x64.Build.0 = Debug|x64
		{6EA8A647-97D2-48A7-8D58-792378F76A71}.Debug|x86.ActiveCfg = Debug|Win32
		{6EA8A647-97D2-48A7-8D58-792378F76A71}.Debug|x86.Build.0 = Debug|Win32
		{6EA8A647-97D2-48A7-8D58-792378F76A71}.Release|x64.ActiveCfg = Release|x64
		{6EA8A647-97D2-48A7-8D58-792378F76A71}.Release|x64.Build.0 = Release|x64
		{6EA8A647-97D2-48A7-8D58-792378F76A71}.Release|x86.ActiveCfg = Release|Win32
		{6EA8A647-97D2-48A7-8D58-792378F76A71}.Release|x86.Build.0 = Release|Win32
		{7F321374-C438-4962-9BF9-FE104B2BC17F}.Debug|x64.ActiveCfg = Debug|x64
		{7F321374-C438-4962-9BF9-FE104B2BC17F}.Debug|x64.Build.0 = Debug|x64
		{7F321374-C438-4962-9BF9-FE104B2BC17F}.Debug|x86.ActiveCfg = Debug|Win32
		{7F321374-C438-4962-9BF9-FE104B2BC17F}.Debug|x86.Build.0 = Debug|Win32
		{7F321374-C438-4962-9BF9-FE104B2BC17F}.Release|x64.ActiveCfg = Release|x64
		{7F321374-C438-4962-9BF9-FE104B2BC17F}.Release|x64.Build.0 = Release|x64
		{7F321374-C438-4962-9BF9-FE104B2BC17F}.Release|x86.ActiveCfg = Release|Win32
		{7F321374-C438-4962-9BF9-FE104B2BC17F}.Release|x86.Build.0 = Release|Win32
		{AB7DEC78-8D61-4761-BB0C-1D0F7159DDEC}.Debug|x64.ActiveCfg = Debug|x64
		{AB7DEC78-8D61-4761-BB0C-1D0F7159DDEC}.Debug|x64.Build.0 = Debug|x64
		{AB7DEC78-8D61-4761-BB0C-1D0F7159DDEC}.Debug|x86.ActiveCfg = Debug|Win32
		{AB7DEC78-8D61-4761-BB0C-1D0F7159DDEC}.Debug|x86.Build.0 = Debug|Win32
		{AB7DEC78-8D61-4761-BB0C-1D0F7159DDEC}.Release|x64.ActiveCfg = Release|x64
		{AB7DEC78-8D61-4761-BB0C-1D0F7159DDEC}.Release|x64.Build.0 = Release|x64
		{AB7DEC78-8D61-4761-BB0C-1D0F7159DDEC}.Release|x86.ActiveCfg = Release|Win32
		{AB7DEC78-8D61-4761-BB0C-1D0F7159DDEC}.Release|x86.Build.0 = Release|Win32
		{4CD9DAC9-FE4F-4407-94BC-C60E96A75FC1}.Debug|x64.ActiveCfg = Debug|x64
		{4CD9DAC9-FE4F-4407-94BC-C60E96A75FC1}.Debug|x64.Build.0 = Debug|x64
		{4CD9DAC9-FE4F-4407-94BC-C60E96A75FC1}.Debug|x86.ActiveCfg = Debug|Win32
		{4CD9DAC9-FE4F-4407-94BC-C60E96A75FC1}.Debug|x86.Build.0 = Debug|Win32
		{4CD9DAC9-FE4F-4407-94BC-C60E96A75FC1}.Release|x64.ActiveCfg = Release|x64
		{4CD9DAC9-FE4F-4407-94BC-C60E96A75FC1}.Release|x64.Build.0 = Release|x64
		{4CD9DAC9-FE4F-4407-94BC-C60E96A75FC1}.Release|x86.ActiveCfg = Release|Win32
		{4CD9DAC9-FE4F-4407-94BC-C60E96A75FC1}.Release|x86.Build.0 = Release|Win32
		{F9750842-AD25-48F8-BE18-56FC1C8C3744}.Debug|x64.ActiveCfg = Debug|x64
		{F9750842-AD25-48F8-BE18-56FC1C8C3744}.Debug|x64.Build.0 = Debug|x64
		{F9750842-AD25-48F8-BE18-56FC1C8C3744}.Debug|x86.ActiveCfg = Debug|Win32
		{F9750842-AD25-48F8-BE18-56FC1C8C3744}.Debug|x86.Build.0 = Debug|Win32
		{F9750842-AD25-48F8-BE18-56FC1C8C3744}.Release|x64.ActiveCfg = Release|x64
		{F9750842-AD25-48F8-BE18-56FC1C8C3744}.Release|x64.Build.0 = Release|x64
		{F9750842-AD25-48F8-BE18-56FC1C8C3744}.Release|x86.ActiveCfg = Release|Win32
		{F9750842-AD25-48F8-BE18-56FC1C8C3744}.Release|x86.Build.0 = Release|Win32
		{609B1EA1-D27E-430F-B5AB-29BF1449B18B}.Debug|x64.ActiveCfg = Debug|x64
		{609B1EA1-D27E-430F-B5AB-29BF1449B18B}.Debug|x64.Build.0 = Debug|x64
		{609B1EA1-D27E-430F-B5AB-29BF1449B18B}.Debug|x86.ActiveCfg = Debug|Win32
		{609B1EA1-D27E-430F-B5AB-29BF1449B18B}.Debug|x86.Build.0 = Debug|Win32
		{609B1EA1-D27E-430F-B5AB-29BF1449B18B}.Release|x64.ActiveCfg = Release|x64
		{609B1EA1-D27E-430F-B5AB-29BF1449B18B}.Release|x64.Build.0 = Release|x64
		{609B1EA1-D27E-430F-B5AB-29BF1449B18B}.Release|x86.ActiveCfg = Release|Win32
		{609B1EA1-D27E-430F-B5AB-29BF1449B18B}.Release|x86.Build.0 = Release|Win32
		{CA07A154-2963-4B05-8EB7-D295196BD8D2}.Debug|x64.ActiveCfg = Debug|x64
		{CA07A154-2963-4B05-8EB7-D295196BD8D2}.Debug|x64.Build.0 = Debug|x64
		{CA07A154-2963-4B05-8EB7-D295196BD8D2}.Debug|x86.ActiveCfg = Debug|Win32
		{CA07A154-2963-4B05-8EB7-D295196BD8D2}.Debug|x86.Build.0 = Debug|Win32
		{CA07A154-2963-4B05-8EB7-D295196BD8D2}.Release|x64.ActiveCfg = Release|x64
		{CA07A154-2963-4B05-8EB7-D295196BD8D2}.Release|x64.Build.0 = Release|x64
		{CA07A154-2963-4B05-8EB7-D295196BD8D2}.Release|x86.ActiveCfg = Release|Win32
		{CA07A154-2963-4B05-8EB7-D295196BD8D2}.Release|x86.Build.0 = Release|Win32
		{637D79BF-6CF5-4ED1-ABC7-A7192F6DE7A5}.Debug|x64.ActiveCfg = Debug|x64
		{637D79BF-6CF5-4ED1-ABC7-A7192F6DE7A5}.Debug|x64.Build.0 = Debug|x64
		{637D79BF-6CF5-4ED1-ABC7-A7192F6DE7A5}.Debug|x86.ActiveCfg = Debug|Win32
		{637D79BF-6CF5-4ED1-ABC7-A7192F6DE7A5}.Debug|x86.Build.0 = Debug|Win32
		{637D79BF-6CF5-4ED1-ABC7-A7192F6DE7A5}.Release|x64.ActiveCfg = Release|x64
		{637D79BF-6CF5-4ED1-ABC7-A7192F6DE7A5}.Release|x64.Build.0 = Release|x64
		{637D79BF-6CF5-4ED1-ABC7-A7192F6DE7A5}.Release|x86.ActiveCfg = Release|Win32
		{637D79BF-6CF5-4ED1-ABC7-A7192F6DE7A5}.Release|x86.Build.0 = Release|Win32
		{B3786017-E195-4AA1-AE00-754ADFB6000D}.Debug|x64.ActiveCfg = Debug|x64
		{B3786017-E195-4AA1-AE00-754ADFB6000D}.Debug|x64.Build.0 = Debug|x64
		{B3786017-E195-4AA1-AE00-754ADFB6000D}.Debug|x86.ActiveCfg = Debug|Win32
		{B3786017-E195-4AA1-AE00-754ADFB6000D}.Debug|x86.Build.0 = Debug|Win32
		{B3786017-E195-4AA1-AE00-754ADFB6000D}.Release|x64.ActiveCfg = Release|x64
		{B3786017-E195-4AA1-AE00-754ADFB6000D}.Release|x64.Build.0 = Release|x64
		{B3786017-E195-4AA1-AE00-754ADFB6000D}.Release|x86.ActiveCfg = Release|Win32
		{B3786017-E195-4AA1-AE00-754ADFB6000D}.Release|x86.Build.0 = Release|Win32
		{3A630189-BA1D-4E1C-A716-E293BA5FA433}.Debug|x64.ActiveCfg = Debug|x64
		{3A630189-BA1D-4E1C-A716-E293BA5FA433}.Debug|x64.Build.0 = Debug|x64
		{3A630189-BA1D-4E1C-A716-E293BA5FA433}.Debug|x86.ActiveCfg = Debug|Win32
		{3A630189-BA1D-4E1C-A716-E293BA5FA433}.Debug|x86.Build.0 = Debug|Win32
		{3A630189-BA1D-4E1C-A716-E293BA5FA433}.Release|x64.ActiveCfg = Release|x64
		{3A630189-BA1D-4E1C-A716-E293BA5FA433}.Release|x64.Build.0 = Release|x64
		{3A630189-BA1D-4E1C-A716-E293BA5FA433}.Release|x86.ActiveCfg = Release|Win32
		{3A630189-BA1D-4E1C-A716-E293BA5FA433}.Release|x86.Build.0 = Release|Win32
		{690AB1B6-A0ED-4F02-A176-664E56354992}.Debug|x64.ActiveCfg = Debug|x64
		{690AB1B6-A0ED-4F02-A176-664E56354992}.Debug|x64.Build.0 = Debug|x64
		{690AB1B6-A0ED-4F02-A176-664E56354992}.Debug|x86.ActiveCfg = Debug|Win32
		{690AB1B6-A0ED-4F02-A176-664E56354992}.Debug|x86.Build.0 = Debug|Win32
		{690AB1B6-A0ED-4F02-A176-664E56354992}.Release|x64.ActiveCfg = Release|x64
		{690AB1B6-A0ED-4F02-A176-664E56354992}.Release|x64.Build.0 = Release|x64
		{690AB1B6-A0ED-4F02-A176-664E56354992}.Release|x86.ActiveCfg = Release|Win32
		{690AB1B6-A0ED-4F02-A176-664E56354992}.Release|x86.Build.0 = Release|Win32
		{4E934A8D-F9A6-4E1A-9F36-5628781E5C2D}.Debug|x64.ActiveCfg = Debug|x64
		{4E934A8D-F9A6-4E1A-9F36-5628781E5C2D}.Debug|x64.Build.0 = Debug|x64
		{4E934A8D-F9A6-4E1A-9F36-5628781E5C2D}.Debug|x86.ActiveCfg = Debug|Win32
		{4E934A8D-F9A6-4E1A-9F36-5628781E5C2D}.Debug|x86.Build.0 = Debug|Win32
		{4E934A8D-F9A6-4E1A-9F36-5628781E5C2D}.Release|x64.ActiveCfg = Release|x64
		{4E934A8D-F9A6-4E1A-9F36-5628781E5C2D}.Release|x64.Build.0 = Release|x64
		{4E934A8D-F9A6-4E1A-9F36-5628781E5C2D}.Release|x86.ActiveCfg = Release|Win32
		{4E934A8D-F9A6-4E1A-9F36-5628781E5C2D}.Release|x86.Build.0 = Release|Win32
		{2D8A8785-C081-40DD-B56F-E787D2D8EBC3}.Debug|x64.ActiveCfg = Debug|x64
		{2D8A8785-C081-40DD-B56F-E787D2D8EBC3}.Debug|x64.Build.0 = Debug|x64
		{2D8A8785-C081-40DD-B56F-E787D2D8EBC3}.Debug|x86.ActiveCfg = Debug|Win32
		{2D8A8785-C081-40DD-B56F-E787D2D8EBC3}.Debug|x86.Build.0 = Debug|Win32
		{2D8A8785-C081-40DD-B56F-E787D2D8EBC3}.Release|x64.ActiveCfg = Release|x64
		{2D8A8785-C081-40DD-B56F-E787D2D8EBC3}.Release|x64.Build.0 = Release|x64
		{2D8A8785-C081-40DD-B56F-E787D2D8EBC3}.Release|x86.ActiveCfg = Release|Win32
		{2D8A8785-C081-40DD-B56F-E787D2D8EBC3}.Release|x86.Build.0 = Release|Win32
		{F653A884-1AC9-481D-ACB2-A92CCE6D53CA}.Debug|x64.ActiveCfg = Debug|x64
		{F653A884-1AC9-481D-ACB2-A92CCE6D53CA}.Debug|x64.Build.0 = Debug|x64
		{F653A884-1AC9-481D-ACB2-A92CCE6D53CA}.Debug|x86.ActiveCfg = Debug|Win32
		{F653A884-1AC9-481D-ACB2-A92CCE6D53CA}.Debug|x86.Build.0 = Debug|Win32
		{F653A884-1AC9-481D-ACB2-A92CCE6D53CA}.Release|x64.ActiveCfg = Release|x64
		{F653A884-1AC9-481D-ACB2-A92CCE6D53CA}.Release|x64.Build.0 = Release|x64
		{F653A884-1AC9-481D-ACB2-A92CCE6D53CA}.Release|x86.ActiveCfg = Release|Win32
		{F653A884-1AC9-481D-ACB2-A92CCE6D53CA}.Release|x86.Build.0 = Release|Win32
		{370FC766-6A63-4155-BEA3-482EF4F130E7}.Debug|x64.ActiveCfg = Debug|x64
		{370FC766-6A63-4155-BEA3-482EF4F130E7}.Debug|x64.Build.0 = Debug|x64
		{370FC766-6A63-4155-BEA3-482EF4F130E7}.Debug|x86.ActiveCfg = Debug|Win32
		{370FC766-6A63-4155-BEA3-482EF4F130E7}.Debug|x86.Build.0 = Debug|Win32
		{370FC766-6A63-4155-BEA3-482EF4F130E7}.Release|x64.ActiveCfg = Release|x64
		{370FC766-6A63-4155-BEA3-482EF4F130E7}.Release|x64.Build.0 = Release|x64
		{370FC766-6A63-4155-BEA3-482EF4F130E7}.Release|x86.ActiveCfg = Release|Win32
		{370FC766-6A63-4155-BEA3-482EF4F130E7}.Release|x86.Build.0 = Release|Win32
		{A22FF45E-F839-4283-8041-A0BA10ED811B}.Debug|x64.ActiveCfg = Debug|x64
		{A22FF45E-F839-4283-8041-A0BA10ED811B}.Debug|x64.Build.0 = Debug|x64
		{A22FF45E-F839-4283-8041-A0BA10ED811B}.Debug|x86.ActiveCfg = Debug|Win32
		{A22FF45E-F839-4283-8041-A0BA10ED811B}.Debug|x86.Build.0 = Debug|Win32
		{A22FF45E-F839-4283-8041-A0BA10ED811B}.Release|x64.ActiveCfg = Release|x64
		{A22FF45E-F839-4283-8041-A0BA10ED811B}.Release|x64.Build.0 = Release|x64
		{A22FF45E-F839-4283-8041-A0BA10ED811B}.Release|x86.ActiveCfg = Release|Win32
		{A22FF45E-F839-4283-8041-A0BA10ED811B}.Release|x86.Build.0 = Release|Win32
		{98FC5B95-E038-4DB0-BAB0-89ADDDC87E49}.Debug|x64.ActiveCfg = Debug|x64
		{98FC5B95-E038-4DB0-BAB0-89ADDDC87E49}.Debug|x64.Build.0 = Debug|x64
		{98FC5B95-E038-4DB0-BAB0-89ADDDC87E49}.Debug|x86.ActiveCfg = Debug|Win32
		{98FC5B95-E038-4DB0-BAB0-89ADDDC87E49}.Debug|x86.Build.0 = Debug|Win32
		{98FC5B95-E038-4DB0-BAB0-89ADDDC87E49}.Release|x64.ActiveCfg = Release|x64
		{98FC5B95-E038-4DB0-BAB0-89ADDDC87E49}.Release|x64.Build.0 = Release|x64
		{98FC5B95-E038-4DB0-BAB0-89ADDDC87E49}.Release|x86.ActiveCfg = Release|Win32
		{98FC5B95-E038-4DB0-BAB0-89ADDDC87E49}.Release|x86.Build.0 = Release|Win32
	EndGlobalSection
	GlobalSection(SolutionProperties) = preSolution
		HideSolutionNode = FALSE
	EndGlobalSection
	GlobalSection(ExtensibilityGlobals) = postSolution
		SolutionGuid = {22025EAC-027F-42DB-AAEB-740F925E9375}
	EndGlobalSection
EndGlobal
